
Microsoft Visual Studio Solution File, Format Version 12.00
# Visual Studio Version 17
VisualStudioVersion = 17.0.31912.275
MinimumVisualStudioVersion = 10.0.40219.1
Project("{9A19103F-16F7-4668-BE54-9A1E7A4F7556}") = "EnsekInterviewExercise", "EnsekInterviewExercise\EnsekInterviewExercise.csproj", "{BA9461BF-86AC-46A6-9A32-5FA5E2C15DEF}"
EndProject
Project("{FAE04EC0-301F-11D3-BF4B-00C04F79EFBC}") = "EnsekInterviewExercise.Tests", "EnsekInterviewExercise.Tests\EnsekInterviewExercise.Tests.csproj", "{33DD1C84-5108-4F37-8DBE-8222147F0557}"
EndProject
Global
	GlobalSection(SolutionConfigurationPlatforms) = preSolution
		Debug|Any CPU = Debug|Any CPU
		Release|Any CPU = Release|Any CPU
	EndGlobalSection
	GlobalSection(ProjectConfigurationPlatforms) = postSolution
		{BA9461BF-86AC-46A6-9A32-5FA5E2C15DEF}.Debug|Any CPU.ActiveCfg = Debug|Any CPU
		{BA9461BF-86AC-46A6-9A32-5FA5E2C15DEF}.Debug|Any CPU.Build.0 = Debug|Any CPU
		{BA9461BF-86AC-46A6-9A32-5FA5E2C15DEF}.Release|Any CPU.ActiveCfg = Release|Any CPU
		{BA9461BF-86AC-46A6-9A32-5FA5E2C15DEF}.Release|Any CPU.Build.0 = Release|Any CPU
		{33DD1C84-5108-4F37-8DBE-8222147F0557}.Debug|Any CPU.ActiveCfg = Debug|Any CPU
		{33DD1C84-5108-4F37-8DBE-8222147F0557}.Debug|Any CPU.Build.0 = Debug|Any CPU
		{33DD1C84-5108-4F37-8DBE-8222147F0557}.Release|Any CPU.ActiveCfg = Release|Any CPU
		{33DD1C84-5108-4F37-8DBE-8222147F0557}.Release|Any CPU.Build.0 = Release|Any CPU
	EndGlobalSection
	GlobalSection(SolutionProperties) = preSolution
		HideSolutionNode = FALSE
	EndGlobalSection
	GlobalSection(ExtensibilityGlobals) = postSolution
		SolutionGuid = {7AA5A98C-777C-44F2-8CB6-089EB2A886DC}
	EndGlobalSection
EndGlobal
